// !$*UTF8*$!
{
	archiveVersion = 1;
	classes = {
	};
	objectVersion = 56;
	objects = {

/* Begin PBXBuildFile section */
		841D92972A4F81C700EEED03 /* AppDelegate.swift in Sources */ = {isa = PBXBuildFile; fileRef = 841D92962A4F81C700EEED03 /* AppDelegate.swift */; };
		841D92992A4F81C700EEED03 /* SceneDelegate.swift in Sources */ = {isa = PBXBuildFile; fileRef = 841D92982A4F81C700EEED03 /* SceneDelegate.swift */; };
		841D929B2A4F81C700EEED03 /* ViewController.swift in Sources */ = {isa = PBXBuildFile; fileRef = 841D929A2A4F81C700EEED03 /* ViewController.swift */; };
		841D929E2A4F81C700EEED03 /* Main.storyboard in Resources */ = {isa = PBXBuildFile; fileRef = 841D929C2A4F81C700EEED03 /* Main.storyboard */; };
		841D92A02A4F81CA00EEED03 /* Assets.xcassets in Resources */ = {isa = PBXBuildFile; fileRef = 841D929F2A4F81CA00EEED03 /* Assets.xcassets */; };
		841D92A32A4F81CA00EEED03 /* LaunchScreen.storyboard in Resources */ = {isa = PBXBuildFile; fileRef = 841D92A12A4F81CA00EEED03 /* LaunchScreen.storyboard */; };
		841D92AE2A4F81CB00EEED03 /* DemoAppTests.swift in Sources */ = {isa = PBXBuildFile; fileRef = 841D92AD2A4F81CB00EEED03 /* DemoAppTests.swift */; };
		841D92B82A4F81CB00EEED03 /* DemoAppUITests.swift in Sources */ = {isa = PBXBuildFile; fileRef = 841D92B72A4F81CB00EEED03 /* DemoAppUITests.swift */; };
		841D92BA2A4F81CB00EEED03 /* DemoAppUITestsLaunchTests.swift in Sources */ = {isa = PBXBuildFile; fileRef = 841D92B92A4F81CB00EEED03 /* DemoAppUITestsLaunchTests.swift */; };
/* End PBXBuildFile section */

/* Begin PBXContainerItemProxy section */
		841D92AA2A4F81CB00EEED03 /* PBXContainerItemProxy */ = {
			isa = PBXContainerItemProxy;
			containerPortal = 841D928B2A4F81C700EEED03 /* Project object */;
			proxyType = 1;
			remoteGlobalIDString = 841D92922A4F81C700EEED03;
			remoteInfo = DemoApp;
		};
		841D92B42A4F81CB00EEED03 /* PBXContainerItemProxy */ = {
			isa = PBXContainerItemProxy;
			containerPortal = 841D928B2A4F81C700EEED03 /* Project object */;
			proxyType = 1;
			remoteGlobalIDString = 841D92922A4F81C700EEED03;
			remoteInfo = DemoApp;
		};
/* End PBXContainerItemProxy section */

/* Begin PBXFileReference section */
		841D92932A4F81C700EEED03 /* DemoApp.app */ = {isa = PBXFileReference; explicitFileType = wrapper.application; includeInIndex = 0; path = DemoApp.app; sourceTree = BUILT_PRODUCTS_DIR; };
		841D92962A4F81C700EEED03 /* AppDelegate.swift */ = {isa = PBXFileReference; lastKnownFileType = sourcecode.swift; path = AppDelegate.swift; sourceTree = "<group>"; };
		841D92982A4F81C700EEED03 /* SceneDelegate.swift */ = {isa = PBXFileReference; lastKnownFileType = sourcecode.swift; path = SceneDelegate.swift; sourceTree = "<group>"; };
		841D929A2A4F81C700EEED03 /* ViewController.swift */ = {isa = PBXFileReference; lastKnownFileType = sourcecode.swift; path = ViewController.swift; sourceTree = "<group>"; };
		841D929D2A4F81C700EEED03 /* Base */ = {isa = PBXFileReference; lastKnownFileType = file.storyboard; name = Base; path = Base.lproj/Main.storyboard; sourceTree = "<group>"; };
		841D929F2A4F81CA00EEED03 /* Assets.xcassets */ = {isa = PBXFileReference; lastKnownFileType = folder.assetcatalog; path = Assets.xcassets; sourceTree = "<group>"; };
		841D92A22A4F81CA00EEED03 /* Base */ = {isa = PBXFileReference; lastKnownFileType = file.storyboard; name = Base; path = Base.lproj/LaunchScreen.storyboard; sourceTree = "<group>"; };
		841D92A42A4F81CA00EEED03 /* Info.plist */ = {isa = PBXFileReference; lastKnownFileType = text.plist.xml; path = Info.plist; sourceTree = "<group>"; };
		841D92A92A4F81CB00EEED03 /* DemoAppTests.xctest */ = {isa = PBXFileReference; explicitFileType = wrapper.cfbundle; includeInIndex = 0; path = DemoAppTests.xctest; sourceTree = BUILT_PRODUCTS_DIR; };
		841D92AD2A4F81CB00EEED03 /* DemoAppTests.swift */ = {isa = PBXFileReference; lastKnownFileType = sourcecode.swift; path = DemoAppTests.swift; sourceTree = "<group>"; };
		841D92B32A4F81CB00EEED03 /* DemoAppUITests.xctest */ = {isa = PBXFileReference; explicitFileType = wrapper.cfbundle; includeInIndex = 0; path = DemoAppUITests.xctest; sourceTree = BUILT_PRODUCTS_DIR; };
		841D92B72A4F81CB00EEED03 /* DemoAppUITests.swift */ = {isa = PBXFileReference; lastKnownFileType = sourcecode.swift; path = DemoAppUITests.swift; sourceTree = "<group>"; };
		841D92B92A4F81CB00EEED03 /* DemoAppUITestsLaunchTests.swift */ = {isa = PBXFileReference; lastKnownFileType = sourcecode.swift; path = DemoAppUITestsLaunchTests.swift; sourceTree = "<group>"; };
/* End PBXFileReference section */

/* Begin PBXFrameworksBuildPhase section */
		841D92902A4F81C700EEED03 /* Frameworks */ = {
			isa = PBXFrameworksBuildPhase;
			buildActionMask = 2147483647;
			files = (
			);
			runOnlyForDeploymentPostprocessing = 0;
		};
		841D92A62A4F81CB00EEED03 /* Frameworks */ = {
			isa = PBXFrameworksBuildPhase;
			buildActionMask = 2147483647;
			files = (
			);
			runOnlyForDeploymentPostprocessing = 0;
		};
		841D92B02A4F81CB00EEED03 /* Frameworks */ = {
			isa = PBXFrameworksBuildPhase;
			buildActionMask = 2147483647;
			files = (
			);
			runOnlyForDeploymentPostprocessing = 0;
		};
/* End PBXFrameworksBuildPhase section */

/* Begin PBXGroup section */
		841D928A2A4F81C700EEED03 = {
			isa = PBXGroup;
			children = (
				841D92952A4F81C700EEED03 /* DemoApp */,
				841D92AC2A4F81CB00EEED03 /* DemoAppTests */,
				841D92B62A4F81CB00EEED03 /* DemoAppUITests */,
				841D92942A4F81C700EEED03 /* Products */,
			);
			sourceTree = "<group>";
		};
		841D92942A4F81C700EEED03 /* Products */ = {
			isa = PBXGroup;
			children = (
				841D92932A4F81C700EEED03 /* DemoApp.app */,
				841D92A92A4F81CB00EEED03 /* DemoAppTests.xctest */,
				841D92B32A4F81CB00EEED03 /* DemoAppUITests.xctest */,
			);
			name = Products;
			sourceTree = "<group>";
		};
		841D92952A4F81C700EEED03 /* DemoApp */ = {
			isa = PBXGroup;
			children = (
				841D92962A4F81C700EEED03 /* AppDelegate.swift */,
				841D92982A4F81C700EEED03 /* SceneDelegate.swift */,
				841D929A2A4F81C700EEED03 /* ViewController.swift */,
				841D929C2A4F81C700EEED03 /* Main.storyboard */,
				841D929F2A4F81CA00EEED03 /* Assets.xcassets */,
				841D92A12A4F81CA00EEED03 /* LaunchScreen.storyboard */,
				841D92A42A4F81CA00EEED03 /* Info.plist */,
			);
			path = DemoApp;
			sourceTree = "<group>";
		};
		841D92AC2A4F81CB00EEED03 /* DemoAppTests */ = {
			isa = PBXGroup;
			children = (
				841D92AD2A4F81CB00EEED03 /* DemoAppTests.swift */,
			);
			path = DemoAppTests;
			sourceTree = "<group>";
		};
		841D92B62A4F81CB00EEED03 /* DemoAppUITests */ = {
			isa = PBXGroup;
			children = (
				841D92B72A4F81CB00EEED03 /* DemoAppUITests.swift */,
				841D92B92A4F81CB00EEED03 /* DemoAppUITestsLaunchTests.swift */,
			);
			path = DemoAppUITests;
			sourceTree = "<group>";
		};
/* End PBXGroup section */

/* Begin PBXNativeTarget section */
		841D92922A4F81C700EEED03 /* DemoApp */ = {
			isa = PBXNativeTarget;
			buildConfigurationList = 841D92BD2A4F81CB00EEED03 /* Build configuration list for PBXNativeTarget "DemoApp" */;
			buildPhases = (
				841D928F2A4F81C700EEED03 /* Sources */,
				841D92902A4F81C700EEED03 /* Frameworks */,
				841D92912A4F81C700EEED03 /* Resources */,
			);
			buildRules = (
			);
			dependencies = (
			);
			name = DemoApp;
			productName = DemoApp;
			productReference = 841D92932A4F81C700EEED03 /* DemoApp.app */;
			productType = "com.apple.product-type.application";
		};
		841D92A82A4F81CB00EEED03 /* DemoAppTests */ = {
			isa = PBXNativeTarget;
			buildConfigurationList = 841D92C02A4F81CB00EEED03 /* Build configuration list for PBXNativeTarget "DemoAppTests" */;
			buildPhases = (
				841D92A52A4F81CB00EEED03 /* Sources */,
				841D92A62A4F81CB00EEED03 /* Frameworks */,
				841D92A72A4F81CB00EEED03 /* Resources */,
			);
			buildRules = (
			);
			dependencies = (
				841D92AB2A4F81CB00EEED03 /* PBXTargetDependency */,
			);
			name = DemoAppTests;
			productName = DemoAppTests;
			productReference = 841D92A92A4F81CB00EEED03 /* DemoAppTests.xctest */;
			productType = "com.apple.product-type.bundle.unit-test";
		};
		841D92B22A4F81CB00EEED03 /* DemoAppUITests */ = {
			isa = PBXNativeTarget;
			buildConfigurationList = 841D92C32A4F81CB00EEED03 /* Build configuration list for PBXNativeTarget "DemoAppUITests" */;
			buildPhases = (
				841D92AF2A4F81CB00EEED03 /* Sources */,
				841D92B02A4F81CB00EEED03 /* Frameworks */,
				841D92B12A4F81CB00EEED03 /* Resources */,
			);
			buildRules = (
			);
			dependencies = (
				841D92B52A4F81CB00EEED03 /* PBXTargetDependency */,
			);
			name = DemoAppUITests;
			productName = DemoAppUITests;
			productReference = 841D92B32A4F81CB00EEED03 /* DemoAppUITests.xctest */;
			productType = "com.apple.product-type.bundle.ui-testing";
		};
/* End PBXNativeTarget section */

/* Begin PBXProject section */
		841D928B2A4F81C700EEED03 /* Project object */ = {
			isa = PBXProject;
			attributes = {
				BuildIndependentTargetsInParallel = 1;
				LastSwiftUpdateCheck = 1430;
				LastUpgradeCheck = 1430;
				TargetAttributes = {
					841D92922A4F81C700EEED03 = {
						CreatedOnToolsVersion = 14.3.1;
					};
					841D92A82A4F81CB00EEED03 = {
						CreatedOnToolsVersion = 14.3.1;
						TestTargetID = 841D92922A4F81C700EEED03;
					};
					841D92B22A4F81CB00EEED03 = {
						CreatedOnToolsVersion = 14.3.1;
						TestTargetID = 841D92922A4F81C700EEED03;
					};
				};
			};
			buildConfigurationList = 841D928E2A4F81C700EEED03 /* Build configuration list for PBXProject "DemoApp" */;
			compatibilityVersion = "Xcode 14.0";
			developmentRegion = en;
			hasScannedForEncodings = 0;
			knownRegions = (
				en,
				Base,
			);
			mainGroup = 841D928A2A4F81C700EEED03;
			productRefGroup = 841D92942A4F81C700EEED03 /* Products */;
			projectDirPath = "";
			projectRoot = "";
			targets = (
				841D92922A4F81C700EEED03 /* DemoApp */,
				841D92A82A4F81CB00EEED03 /* DemoAppTests */,
				841D92B22A4F81CB00EEED03 /* DemoAppUITests */,
			);
		};
/* End PBXProject section */

/* Begin PBXResourcesBuildPhase section */
		841D92912A4F81C700EEED03 /* Resources */ = {
			isa = PBXResourcesBuildPhase;
			buildActionMask = 2147483647;
			files = (
				841D92A32A4F81CA00EEED03 /* LaunchScreen.storyboard in Resources */,
				841D92A02A4F81CA00EEED03 /* Assets.xcassets in Resources */,
				841D929E2A4F81C700EEED03 /* Main.storyboard in Resources */,
			);
			runOnlyForDeploymentPostprocessing = 0;
		};
		841D92A72A4F81CB00EEED03 /* Resources */ = {
			isa = PBXResourcesBuildPhase;
			buildActionMask = 2147483647;
			files = (
			);
			runOnlyForDeploymentPostprocessing = 0;
		};
		841D92B12A4F81CB00EEED03 /* Resources */ = {
			isa = PBXResourcesBuildPhase;
			buildActionMask = 2147483647;
			files = (
			);
			runOnlyForDeploymentPostprocessing = 0;
		};
/* End PBXResourcesBuildPhase section */

/* Begin PBXSourcesBuildPhase section */
		841D928F2A4F81C700EEED03 /* Sources */ = {
			isa = PBXSourcesBuildPhase;
			buildActionMask = 2147483647;
			files = (
				841D929B2A4F81C700EEED03 /* ViewController.swift in Sources */,
				841D92972A4F81C700EEED03 /* AppDelegate.swift in Sources */,
				841D92992A4F81C700EEED03 /* SceneDelegate.swift in Sources */,
			);
			runOnlyForDeploymentPostprocessing = 0;
		};
		841D92A52A4F81CB00EEED03 /* Sources */ = {
			isa = PBXSourcesBuildPhase;
			buildActionMask = 2147483647;
			files = (
				841D92AE2A4F81CB00EEED03 /* DemoAppTests.swift in Sources */,
			);
			runOnlyForDeploymentPostprocessing = 0;
		};
		841D92AF2A4F81CB00EEED03 /* Sources */ = {
			isa = PBXSourcesBuildPhase;
			buildActionMask = 2147483647;
			files = (
				841D92B82A4F81CB00EEED03 /* DemoAppUITests.swift in Sources */,
				841D92BA2A4F81CB00EEED03 /* DemoAppUITestsLaunchTests.swift in Sources */,
			);
			runOnlyForDeploymentPostprocessing = 0;
		};
/* End PBXSourcesBuildPhase section */

/* Begin PBXTargetDependency section */
		841D92AB2A4F81CB00EEED03 /* PBXTargetDependency */ = {
			isa = PBXTargetDependency;
			target = 841D92922A4F81C700EEED03 /* DemoApp */;
			targetProxy = 841D92AA2A4F81CB00EEED03 /* PBXContainerItemProxy */;
		};
		841D92B52A4F81CB00EEED03 /* PBXTargetDependency */ = {
			isa = PBXTargetDependency;
			target = 841D92922A4F81C700EEED03 /* DemoApp */;
			targetProxy = 841D92B42A4F81CB00EEED03 /* PBXContainerItemProxy */;
		};
/* End PBXTargetDependency section */

/* Begin PBXVariantGroup section */
		841D929C2A4F81C700EEED03 /* Main.storyboard */ = {
			isa = PBXVariantGroup;
			children = (
				841D929D2A4F81C700EEED03 /* Base */,
			);
			name = Main.storyboard;
			sourceTree = "<group>";
		};
		841D92A12A4F81CA00EEED03 /* LaunchScreen.storyboard */ = {
			isa = PBXVariantGroup;
			children = (
				841D92A22A4F81CA00EEED03 /* Base */,
			);
			name = LaunchScreen.storyboard;
			sourceTree = "<group>";
		};
/* End PBXVariantGroup section */

/* Begin XCBuildConfiguration section */
		841D92BB2A4F81CB00EEED03 /* Debug */ = {
			isa = XCBuildConfiguration;
			buildSettings = {
				ALWAYS_SEARCH_USER_PATHS = NO;
				CLANG_ANALYZER_NONNULL = YES;
				CLANG_ANALYZER_NUMBER_OBJECT_CONVERSION = YES_AGGRESSIVE;
				CLANG_CXX_LANGUAGE_STANDARD = "gnu++20";
				CLANG_ENABLE_MODULES = YES;
				CLANG_ENABLE_OBJC_ARC = YES;
				CLANG_ENABLE_OBJC_WEAK = YES;
				CLANG_WARN_BLOCK_CAPTURE_AUTORELEASING = YES;
				CLANG_WARN_BOOL_CONVERSION = YES;
				CLANG_WARN_COMMA = YES;
				CLANG_WARN_CONSTANT_CONVERSION = YES;
				CLANG_WARN_DEPRECATED_OBJC_IMPLEMENTATIONS = YES;
				CLANG_WARN_DIRECT_OBJC_ISA_USAGE = YES_ERROR;
				CLANG_WARN_DOCUMENTATION_COMMENTS = YES;
				CLANG_WARN_EMPTY_BODY = YES;
				CLANG_WARN_ENUM_CONVERSION = YES;
				CLANG_WARN_INFINITE_RECURSION = YES;
				CLANG_WARN_INT_CONVERSION = YES;
				CLANG_WARN_NON_LITERAL_NULL_CONVERSION = YES;
				CLANG_WARN_OBJC_IMPLICIT_RETAIN_SELF = YES;
				CLANG_WARN_OBJC_LITERAL_CONVERSION = YES;
				CLANG_WARN_OBJC_ROOT_CLASS = YES_ERROR;
				CLANG_WARN_QUOTED_INCLUDE_IN_FRAMEWORK_HEADER = YES;
				CLANG_WARN_RANGE_LOOP_ANALYSIS = YES;
				CLANG_WARN_STRICT_PROTOTYPES = YES;
				CLANG_WARN_SUSPICIOUS_MOVE = YES;
				CLANG_WARN_UNGUARDED_AVAILABILITY = YES_AGGRESSIVE;
				CLANG_WARN_UNREACHABLE_CODE = YES;
				CLANG_WARN__DUPLICATE_METHOD_MATCH = YES;
				COPY_PHASE_STRIP = NO;
				DEBUG_INFORMATION_FORMAT = dwarf;
				ENABLE_STRICT_OBJC_MSGSEND = YES;
				ENABLE_TESTABILITY = YES;
				GCC_C_LANGUAGE_STANDARD = gnu11;
				GCC_DYNAMIC_NO_PIC = NO;
				GCC_NO_COMMON_BLOCKS = YES;
				GCC_OPTIMIZATION_LEVEL = 0;
				GCC_PREPROCESSOR_DEFINITIONS = (
					"DEBUG=1",
					"$(inherited)",
				);
				GCC_WARN_64_TO_32_BIT_CONVERSION = YES;
				GCC_WARN_ABOUT_RETURN_TYPE = YES_ERROR;
				GCC_WARN_UNDECLARED_SELECTOR = YES;
				GCC_WARN_UNINITIALIZED_AUTOS = YES_AGGRESSIVE;
				GCC_WARN_UNUSED_FUNCTION = YES;
				GCC_WARN_UNUSED_VARIABLE = YES;
				IPHONEOS_DEPLOYMENT_TARGET = 16.4;
				MTL_ENABLE_DEBUG_INFO = INCLUDE_SOURCE;
				MTL_FAST_MATH = YES;
				ONLY_ACTIVE_ARCH = YES;
				SDKROOT = iphoneos;
				SWIFT_ACTIVE_COMPILATION_CONDITIONS = DEBUG;
				SWIFT_OPTIMIZATION_LEVEL = "-Onone";
			};
			name = Debug;
		};
		841D92BC2A4F81CB00EEED03 /* Release */ = {
			isa = XCBuildConfiguration;
			buildSettings = {
				ALWAYS_SEARCH_USER_PATHS = NO;
				CLANG_ANALYZER_NONNULL = YES;
				CLANG_ANALYZER_NUMBER_OBJECT_CONVERSION = YES_AGGRESSIVE;
				CLANG_CXX_LANGUAGE_STANDARD = "gnu++20";
				CLANG_ENABLE_MODULES = YES;
				CLANG_ENABLE_OBJC_ARC = YES;
				CLANG_ENABLE_OBJC_WEAK = YES;
				CLANG_WARN_BLOCK_CAPTURE_AUTORELEASING = YES;
				CLANG_WARN_BOOL_CONVERSION = YES;
				CLANG_WARN_COMMA = YES;
				CLANG_WARN_CONSTANT_CONVERSION = YES;
				CLANG_WARN_DEPRECATED_OBJC_IMPLEMENTATIONS = YES;
				CLANG_WARN_DIRECT_OBJC_ISA_USAGE = YES_ERROR;
				CLANG_WARN_DOCUMENTATION_COMMENTS = YES;
				CLANG_WARN_EMPTY_BODY = YES;
				CLANG_WARN_ENUM_CONVERSION = YES;
				CLANG_WARN_INFINITE_RECURSION = YES;
				CLANG_WARN_INT_CONVERSION = YES;
				CLANG_WARN_NON_LITERAL_NULL_CONVERSION = YES;
				CLANG_WARN_OBJC_IMPLICIT_RETAIN_SELF = YES;
				CLANG_WARN_OBJC_LITERAL_CONVERSION = YES;
				CLANG_WARN_OBJC_ROOT_CLASS = YES_ERROR;
				CLANG_WARN_QUOTED_INCLUDE_IN_FRAMEWORK_HEADER = YES;
				CLANG_WARN_RANGE_LOOP_ANALYSIS = YES;
				CLANG_WARN_STRICT_PROTOTYPES = YES;
				CLANG_WARN_SUSPICIOUS_MOVE = YES;
				CLANG_WARN_UNGUARDED_AVAILABILITY = YES_AGGRESSIVE;
				CLANG_WARN_UNREACHABLE_CODE = YES;
				CLANG_WARN__DUPLICATE_METHOD_MATCH = YES;
				COPY_PHASE_STRIP = NO;
				DEBUG_INFORMATION_FORMAT = "dwarf-with-dsym";
				ENABLE_NS_ASSERTIONS = NO;
				ENABLE_STRICT_OBJC_MSGSEND = YES;
				GCC_C_LANGUAGE_STANDARD = gnu11;
				GCC_NO_COMMON_BLOCKS = YES;
				GCC_WARN_64_TO_32_BIT_CONVERSION = YES;
				GCC_WARN_ABOUT_RETURN_TYPE = YES_ERROR;
				GCC_WARN_UNDECLARED_SELECTOR = YES;
				GCC_WARN_UNINITIALIZED_AUTOS = YES_AGGRESSIVE;
				GCC_WARN_UNUSED_FUNCTION = YES;
				GCC_WARN_UNUSED_VARIABLE = YES;
				IPHONEOS_DEPLOYMENT_TARGET = 16.4;
				MTL_ENABLE_DEBUG_INFO = NO;
				MTL_FAST_MATH = YES;
				SDKROOT = iphoneos;
				SWIFT_COMPILATION_MODE = wholemodule;
				SWIFT_OPTIMIZATION_LEVEL = "-O";
				VALIDATE_PRODUCT = YES;
			};
			name = Release;
		};
		841D92BE2A4F81CB00EEED03 /* Debug */ = {
			isa = XCBuildConfiguration;
			buildSettings = {
				ASSETCATALOG_COMPILER_APPICON_NAME = AppIcon;
				ASSETCATALOG_COMPILER_GLOBAL_ACCENT_COLOR_NAME = AccentColor;
				CODE_SIGN_STYLE = Automatic;
				CURRENT_PROJECT_VERSION = 1;
				GENERATE_INFOPLIST_FILE = YES;
				INFOPLIST_FILE = DemoApp/Info.plist;
				INFOPLIST_KEY_UIApplicationSupportsIndirectInputEvents = YES;
				INFOPLIST_KEY_UILaunchStoryboardName = LaunchScreen;
				INFOPLIST_KEY_UIMainStoryboardFile = Main;
				INFOPLIST_KEY_UISupportedInterfaceOrientations_iPad = "UIInterfaceOrientationPortrait UIInterfaceOrientationPortraitUpsideDown UIInterfaceOrientationLandscapeLeft UIInterfaceOrientationLandscapeRight";
				INFOPLIST_KEY_UISupportedInterfaceOrientations_iPhone = "UIInterfaceOrientationPortrait UIInterfaceOrientationLandscapeLeft UIInterfaceOrientationLandscapeRight";
				LD_RUNPATH_SEARCH_PATHS = (
					"$(inherited)",
					"@executable_path/Frameworks",
				);
				MARKETING_VERSION = 1.0;
				PRODUCT_BUNDLE_IDENTIFIER = com.ashish.DemoApp;
				PRODUCT_NAME = "$(TARGET_NAME)";
				SWIFT_EMIT_LOC_STRINGS = YES;
				SWIFT_VERSION = 5.0;
				TARGETED_DEVICE_FAMILY = "1,2";
			};
			name = Debug;
		};
		841D92BF2A4F81CB00EEED03 /* Release */ = {
			isa = XCBuildConfiguration;
			buildSettings = {
				ASSETCATALOG_COMPILER_APPICON_NAME = AppIcon;
				ASSETCATALOG_COMPILER_GLOBAL_ACCENT_COLOR_NAME = AccentColor;
				CODE_SIGN_STYLE = Automatic;
				CURRENT_PROJECT_VERSION = 1;
				GENERATE_INFOPLIST_FILE = YES;
				INFOPLIST_FILE = DemoApp/Info.plist;
				INFOPLIST_KEY_UIApplicationSupportsIndirectInputEvents = YES;
				INFOPLIST_KEY_UILaunchStoryboardName = LaunchScreen;
				INFOPLIST_KEY_UIMainStoryboardFile = Main;
				INFOPLIST_KEY_UISupportedInterfaceOrientations_iPad = "UIInterfaceOrientationPortrait UIInterfaceOrientationPortraitUpsideDown UIInterfaceOrientationLandscapeLeft UIInterfaceOrientationLandscapeRight";
				INFOPLIST_KEY_UISupportedInterfaceOrientations_iPhone = "UIInterfaceOrientationPortrait UIInterfaceOrientationLandscapeLeft UIInterfaceOrientationLandscapeRight";
				LD_RUNPATH_SEARCH_PATHS = (
					"$(inherited)",
					"@executable_path/Frameworks",
				);
				MARKETING_VERSION = 1.0;
				PRODUCT_BUNDLE_IDENTIFIER = com.ashish.DemoApp;
				PRODUCT_NAME = "$(TARGET_NAME)";
				SWIFT_EMIT_LOC_STRINGS = YES;
				SWIFT_VERSION = 5.0;
				TARGETED_DEVICE_FAMILY = "1,2";
			};
			name = Release;
		};
		841D92C12A4F81CB00EEED03 /* Debug */ = {
			isa = XCBuildConfiguration;
			buildSettings = {
				ALWAYS_EMBED_SWIFT_STANDARD_LIBRARIES = YES;
				BUNDLE_LOADER = "$(TEST_HOST)";
				CODE_SIGN_STYLE = Automatic;
				CURRENT_PROJECT_VERSION = 1;
				GENERATE_INFOPLIST_FILE = YES;
				IPHONEOS_DEPLOYMENT_TARGET = 16.4;
				MARKETING_VERSION = 1.0;
				PRODUCT_BUNDLE_IDENTIFIER = com.ashish.DemoAppTests;
				PRODUCT_NAME = "$(TARGET_NAME)";
				SWIFT_EMIT_LOC_STRINGS = NO;
				SWIFT_VERSION = 5.0;
				TARGETED_DEVICE_FAMILY = "1,2";
				TEST_HOST = "$(BUILT_PRODUCTS_DIR)/DemoApp.app/$(BUNDLE_EXECUTABLE_FOLDER_PATH)/DemoApp";
			};
			name = Debug;
		};
		841D92C22A4F81CB00EEED03 /* Release */ = {
			isa = XCBuildConfiguration;
			buildSettings = {
				ALWAYS_EMBED_SWIFT_STANDARD_LIBRARIES = YES;
				BUNDLE_LOADER = "$(TEST_HOST)";
				CODE_SIGN_STYLE = Automatic;
				CURRENT_PROJECT_VERSION = 1;
				GENERATE_INFOPLIST_FILE = YES;
				IPHONEOS_DEPLOYMENT_TARGET = 16.4;
				MARKETING_VERSION = 1.0;
				PRODUCT_BUNDLE_IDENTIFIER = com.ashish.DemoAppTests;
				PRODUCT_NAME = "$(TARGET_NAME)";
				SWIFT_EMIT_LOC_STRINGS = NO;
				SWIFT_VERSION = 5.0;
				TARGETED_DEVICE_FAMILY = "1,2";
				TEST_HOST = "$(BUILT_PRODUCTS_DIR)/DemoApp.app/$(BUNDLE_EXECUTABLE_FOLDER_PATH)/DemoApp";
			};
			name = Release;
		};
		841D92C42A4F81CB00EEED03 /* Debug */ = {
			isa = XCBuildConfiguration;
			buildSettings = {
				ALWAYS_EMBED_SWIFT_STANDARD_LIBRARIES = YES;
				CODE_SIGN_STYLE = Automatic;
				CURRENT_PROJECT_VERSION = 1;
				GENERATE_INFOPLIST_FILE = YES;
				MARKETING_VERSION = 1.0;
				PRODUCT_BUNDLE_IDENTIFIER = com.ashish.DemoAppUITests;
				PRODUCT_NAME = "$(TARGET_NAME)";
				SWIFT_EMIT_LOC_STRINGS = NO;
				SWIFT_VERSION = 5.0;
				TARGETED_DEVICE_FAMILY = "1,2";
				TEST_TARGET_NAME = DemoApp;
			};
			name = Debug;
		};
		841D92C52A4F81CB00EEED03 /* Release */ = {
			isa = XCBuildConfiguration;
			buildSettings = {
				ALWAYS_EMBED_SWIFT_STANDARD_LIBRARIES = YES;
				CODE_SIGN_STYLE = Automatic;
				CURRENT_PROJECT_VERSION = 1;
				GENERATE_INFOPLIST_FILE = YES;
				MARKETING_VERSION = 1.0;
				PRODUCT_BUNDLE_IDENTIFIER = com.ashish.DemoAppUITests;
				PRODUCT_NAME = "$(TARGET_NAME)";
				SWIFT_EMIT_LOC_STRINGS = NO;
				SWIFT_VERSION = 5.0;
				TARGETED_DEVICE_FAMILY = "1,2";
				TEST_TARGET_NAME = DemoApp;
			};
			name = Release;
		};
/* End XCBuildConfiguration section */

/* Begin XCConfigurationList section */
		841D928E2A4F81C700EEED03 /* Build configuration list for PBXProject "DemoApp" */ = {
			isa = XCConfigurationList;
			buildConfigurations = (
				841D92BB2A4F81CB00EEED03 /* Debug */,
				841D92BC2A4F81CB00EEED03 /* Release */,
			);
			defaultConfigurationIsVisible = 0;
			defaultConfigurationName = Release;
		};
		841D92BD2A4F81CB00EEED03 /* Build configuration list for PBXNativeTarget "DemoApp" */ = {
			isa = XCConfigurationList;
			buildConfigurations = (
				841D92BE2A4F81CB00EEED03 /* Debug */,
				841D92BF2A4F81CB00EEED03 /* Release */,
			);
			defaultConfigurationIsVisible = 0;
			defaultConfigurationName = Release;
		};
		841D92C02A4F81CB00EEED03 /* Build configuration list for PBXNativeTarget "DemoAppTests" */ = {
			isa = XCConfigurationList;
			buildConfigurations = (
				841D92C12A4F81CB00EEED03 /* Debug */,
				841D92C22A4F81CB00EEED03 /* Release */,
			);
			defaultConfigurationIsVisible = 0;
			defaultConfigurationName = Release;
		};
		841D92C32A4F81CB00EEED03 /* Build configuration list for PBXNativeTarget "DemoAppUITests" */ = {
			isa = XCConfigurationList;
			buildConfigurations = (
				841D92C42A4F81CB00EEED03 /* Debug */,
				841D92C52A4F81CB00EEED03 /* Release */,
			);
			defaultConfigurationIsVisible = 0;
			defaultConfigurationName = Release;
		};
/* End XCConfigurationList section */
	};
	rootObject = 841D928B2A4F81C700EEED03 /* Project object */;
}
